
Microsoft Visual Studio Solution File, Format Version 12.00
# Visual Studio Version 17
VisualStudioVersion = 17.8.34511.84
MinimumVisualStudioVersion = 10.0.40219.1
Project("{9A19103F-16F7-4668-BE54-9A1E7A4F7556}") = "Flex.Domain", "src\Flex.Domain\Flex.Domain.csproj", "{C8588E32-D8CE-4B16-AE29-4B183F4D9FD5}"
EndProject
Project("{9A19103F-16F7-4668-BE54-9A1E7A4F7556}") = "Flex.Contract", "src\Flex.Contract\Flex.Contract.csproj", "{4F43DBD4-2754-4CA9-A9E1-99273806F084}"
EndProject
Project("{9A19103F-16F7-4668-BE54-9A1E7A4F7556}") = "Flex.Application", "src\Flex.Application\Flex.Application.csproj", "{C915E3E3-2A27-4C66-B81F-7CFE81F096D5}"
EndProject
Project("{9A19103F-16F7-4668-BE54-9A1E7A4F7556}") = "Flex.Infrastructure", "src\Flex.Infrastructure\Flex.Infrastructure.csproj", "{3F8102FB-7E0D-4650-A335-5906273CAC8B}"
EndProject
Project("{9A19103F-16F7-4668-BE54-9A1E7A4F7556}") = "Flex.Api", "src\Flex.Api\Flex.Api.csproj", "{C9478902-44D0-42F7-96ED-C5EFF9F47839}"
EndProject
Project("{9A19103F-16F7-4668-BE54-9A1E7A4F7556}") = "Flex.Common", "src\Flex.Common\Flex.Common.csproj", "{977BB51B-6967-44F5-AA18-0CA7B94D9B6C}"
EndProject
Global
	GlobalSection(SolutionConfigurationPlatforms) = preSolution
		Debug|Any CPU = Debug|Any CPU
		Release|Any CPU = Release|Any CPU
	EndGlobalSection
	GlobalSection(ProjectConfigurationPlatforms) = postSolution
		{C8588E32-D8CE-4B16-AE29-4B183F4D9FD5}.Debug|Any CPU.ActiveCfg = Debug|Any CPU
		{C8588E32-D8CE-4B16-AE29-4B183F4D9FD5}.Debug|Any CPU.Build.0 = Debug|Any CPU
		{C8588E32-D8CE-4B16-AE29-4B183F4D9FD5}.Release|Any CPU.ActiveCfg = Release|Any CPU
		{C8588E32-D8CE-4B16-AE29-4B183F4D9FD5}.Release|Any CPU.Build.0 = Release|Any CPU
		{4F43DBD4-2754-4CA9-A9E1-99273806F084}.Debug|Any CPU.ActiveCfg = Debug|Any CPU
		{4F43DBD4-2754-4CA9-A9E1-99273806F084}.Debug|Any CPU.Build.0 = Debug|Any CPU
		{4F43DBD4-2754-4CA9-A9E1-99273806F084}.Release|Any CPU.ActiveCfg = Release|Any CPU
		{4F43DBD4-2754-4CA9-A9E1-99273806F084}.Release|Any CPU.Build.0 = Release|Any CPU
		{C915E3E3-2A27-4C66-B81F-7CFE81F096D5}.Debug|Any CPU.ActiveCfg = Debug|Any CPU
		{C915E3E3-2A27-4C66-B81F-7CFE81F096D5}.Debug|Any CPU.Build.0 = Debug|Any CPU
		{C915E3E3-2A27-4C66-B81F-7CFE81F096D5}.Release|Any CPU.ActiveCfg = Release|Any CPU
		{C915E3E3-2A27-4C66-B81F-7CFE81F096D5}.Release|Any CPU.Build.0 = Release|Any CPU
		{3F8102FB-7E0D-4650-A335-5906273CAC8B}.Debug|Any CPU.ActiveCfg = Debug|Any CPU
		{3F8102FB-7E0D-4650-A335-5906273CAC8B}.Debug|Any CPU.Build.0 = Debug|Any CPU
		{3F8102FB-7E0D-4650-A335-5906273CAC8B}.Release|Any CPU.ActiveCfg = Release|Any CPU
		{3F8102FB-7E0D-4650-A335-5906273CAC8B}.Release|Any CPU.Build.0 = Release|Any CPU
		{C9478902-44D0-42F7-96ED-C5EFF9F47839}.Debug|Any CPU.ActiveCfg = Debug|Any CPU
		{C9478902-44D0-42F7-96ED-C5EFF9F47839}.Debug|Any CPU.Build.0 = Debug|Any CPU
		{C9478902-44D0-42F7-96ED-C5EFF9F47839}.Release|Any CPU.ActiveCfg = Release|Any CPU
		{C9478902-44D0-42F7-96ED-C5EFF9F47839}.Release|Any CPU.Build.0 = Release|Any CPU
		{977BB51B-6967-44F5-AA18-0CA7B94D9B6C}.Debug|Any CPU.ActiveCfg = Debug|Any CPU
		{977BB51B-6967-44F5-AA18-0CA7B94D9B6C}.Debug|Any CPU.Build.0 = Debug|Any CPU
		{977BB51B-6967-44F5-AA18-0CA7B94D9B6C}.Release|Any CPU.ActiveCfg = Release|Any CPU
		{977BB51B-6967-44F5-AA18-0CA7B94D9B6C}.Release|Any CPU.Build.0 = Release|Any CPU
	EndGlobalSection
	GlobalSection(SolutionProperties) = preSolution
		HideSolutionNode = FALSE
	EndGlobalSection
	GlobalSection(ExtensibilityGlobals) = postSolution
		SolutionGuid = {24B2F0B2-C76F-43F3-A474-E693C21EF747}
	EndGlobalSection
EndGlobal
