
Microsoft Visual Studio Solution File, Format Version 12.00
# Visual Studio Version 17
VisualStudioVersion = 17.8.34511.84
MinimumVisualStudioVersion = 10.0.40219.1
Project("{9A19103F-16F7-4668-BE54-9A1E7A4F7556}") = "Flex.Domain", "src\Flex.Domain\Flex.Domain.csproj", "{C8588E32-D8CE-4B16-AE29-4B183F4D9FD5}"
EndProject
Project("{FAE04EC0-301F-11D3-BF4B-00C04F79EFBC}") = "Flex.Contract", "src\Flex.Contract\Flex.Contract.csproj", "{4F43DBD4-2754-4CA9-A9E1-99273806F084}"
EndProject
Global
	GlobalSection(SolutionConfigurationPlatforms) = preSolution
		Debug|Any CPU = Debug|Any CPU
		Release|Any CPU = Release|Any CPU
	EndGlobalSection
	GlobalSection(ProjectConfigurationPlatforms) = postSolution
		{C8588E32-D8CE-4B16-AE29-4B183F4D9FD5}.Debug|Any CPU.ActiveCfg = Debug|Any CPU
		{C8588E32-D8CE-4B16-AE29-4B183F4D9FD5}.Debug|Any CPU.Build.0 = Debug|Any CPU
		{C8588E32-D8CE-4B16-AE29-4B183F4D9FD5}.Release|Any CPU.ActiveCfg = Release|Any CPU
		{C8588E32-D8CE-4B16-AE29-4B183F4D9FD5}.Release|Any CPU.Build.0 = Release|Any CPU
		{4F43DBD4-2754-4CA9-A9E1-99273806F084}.Debug|Any CPU.ActiveCfg = Debug|Any CPU
		{4F43DBD4-2754-4CA9-A9E1-99273806F084}.Debug|Any CPU.Build.0 = Debug|Any CPU
		{4F43DBD4-2754-4CA9-A9E1-99273806F084}.Release|Any CPU.ActiveCfg = Release|Any CPU
		{4F43DBD4-2754-4CA9-A9E1-99273806F084}.Release|Any CPU.Build.0 = Release|Any CPU
	EndGlobalSection
	GlobalSection(SolutionProperties) = preSolution
		HideSolutionNode = FALSE
	EndGlobalSection
	GlobalSection(ExtensibilityGlobals) = postSolution
		SolutionGuid = {24B2F0B2-C76F-43F3-A474-E693C21EF747}
	EndGlobalSection
EndGlobal
